
Microsoft Visual Studio Solution File, Format Version 12.00
# Visual Studio Version 17
VisualStudioVersion = 17.4.33213.308
MinimumVisualStudioVersion = 10.0.40219.1
Project("{FAE04EC0-301F-11D3-BF4B-00C04F79EFBC}") = "RAA_2_Module2_Bonus", "RAA_2_Module2_Bonus\RAA_2_Module2_Bonus.csproj", "{E44E3659-06F9-4507-83FD-CE1CBFE55B7A}"
EndProject
Global
	GlobalSection(SolutionConfigurationPlatforms) = preSolution
		Debug|Any CPU = Debug|Any CPU
		Release|Any CPU = Release|Any CPU
	EndGlobalSection
	GlobalSection(ProjectConfigurationPlatforms) = postSolution
		{E44E3659-06F9-4507-83FD-CE1CBFE55B7A}.Debug|Any CPU.ActiveCfg = Debug|Any CPU
		{E44E3659-06F9-4507-83FD-CE1CBFE55B7A}.Debug|Any CPU.Build.0 = Debug|Any CPU
		{E44E3659-06F9-4507-83FD-CE1CBFE55B7A}.Release|Any CPU.ActiveCfg = Release|Any CPU
		{E44E3659-06F9-4507-83FD-CE1CBFE55B7A}.Release|Any CPU.Build.0 = Release|Any CPU
	EndGlobalSection
	GlobalSection(SolutionProperties) = preSolution
		HideSolutionNode = FALSE
	EndGlobalSection
	GlobalSection(ExtensibilityGlobals) = postSolution
		SolutionGuid = {607E84DF-810E-4709-9C04-D481272B68E0}
	EndGlobalSection
EndGlobal
